
Microsoft Visual Studio Solution File, Format Version 12.00
# Visual Studio Version 16
VisualStudioVersion = 16.0.31112.23
MinimumVisualStudioVersion = 10.0.40219.1
Project("{FAE04EC0-301F-11D3-BF4B-00C04F79EFBC}") = "RecordType.Demo", "RecordType.Demo\RecordType.Demo.csproj", "{B0C3FA18-37B8-47EC-B4CE-C48356E14627}"
EndProject
Global
	GlobalSection(SolutionConfigurationPlatforms) = preSolution
		Debug|Any CPU = Debug|Any CPU
		Release|Any CPU = Release|Any CPU
	EndGlobalSection
	GlobalSection(ProjectConfigurationPlatforms) = postSolution
		{B0C3FA18-37B8-47EC-B4CE-C48356E14627}.Debug|Any CPU.ActiveCfg = Debug|Any CPU
		{B0C3FA18-37B8-47EC-B4CE-C48356E14627}.Debug|Any CPU.Build.0 = Debug|Any CPU
		{B0C3FA18-37B8-47EC-B4CE-C48356E14627}.Release|Any CPU.ActiveCfg = Release|Any CPU
		{B0C3FA18-37B8-47EC-B4CE-C48356E14627}.Release|Any CPU.Build.0 = Release|Any CPU
	EndGlobalSection
	GlobalSection(SolutionProperties) = preSolution
		HideSolutionNode = FALSE
	EndGlobalSection
	GlobalSection(ExtensibilityGlobals) = postSolution
		SolutionGuid = {B2C67C07-C2FA-40A5-B501-8237B3B95A16}
	EndGlobalSection
EndGlobal
